{
	"name": "baulinien",
	"version": "1.0.0",
	"lockfileVersion": 2,
	"requires": true,
	"packages": {
		"": {
			"name": "baulinien",
			"version": "1.0.0",
			"dependencies": {
				"luucy-types": "^10.16.7"
			},
			"devDependencies": {
				"typescript": "^4.7.4"
			}
		},
		"node_modules/luucy-types": {
			"version": "10.16.7",
			"resolved": "https://registry.npmjs.org/luucy-types/-/luucy-types-10.16.7.tgz",
			"integrity": "sha512-XU1kFdFehec+Ow1Cqk5P6GfVWdaJu6VtgdPz1Fr8y4kVhjA/LKn+bOD74gquV2BzJ+5zGlTPeKvdp/rfBsfdZA==",
			"hasInstallScript": true
		},
		"node_modules/typescript": {
			"version": "4.7.4",
			"resolved": "https://registry.npmjs.org/typescript/-/typescript-4.7.4.tgz",
			"integrity": "sha512-C0WQT0gezHuw6AdY1M2jxUO83Rjf0HP7Sk1DtXj6j1EwkQNZrHAg2XPWlq62oqEhYvONq5pkC2Y9oPljWToLmQ==",
			"dev": true,
			"bin": {
				"tsc": "bin/tsc",
				"tsserver": "bin/tsserver"
			},
			"engines": {
				"node": ">=4.2.0"
			}
		}
	},
	"dependencies": {
		"luucy-types": {
			"version": "10.16.7",
			"resolved": "https://registry.npmjs.org/luucy-types/-/luucy-types-10.16.7.tgz",
			"integrity": "sha512-XU1kFdFehec+Ow1Cqk5P6GfVWdaJu6VtgdPz1Fr8y4kVhjA/LKn+bOD74gquV2BzJ+5zGlTPeKvdp/rfBsfdZA=="
		},
		"typescript": {
			"version": "4.7.4",
			"resolved": "https://registry.npmjs.org/typescript/-/typescript-4.7.4.tgz",
			"integrity": "sha512-C0WQT0gezHuw6AdY1M2jxUO83Rjf0HP7Sk1DtXj6j1EwkQNZrHAg2XPWlq62oqEhYvONq5pkC2Y9oPljWToLmQ==",
			"dev": true
		}
	}
}
